
Microsoft Visual Studio Solution File, Format Version 12.00
# Visual Studio Version 17
VisualStudioVersion = 17.3.32929.385
MinimumVisualStudioVersion = 10.0.40219.1
Project("{8BC9CEB8-8B4A-11D0-8D11-00A0C91BC942}") = "main", "main\main.vcxproj", "{281777DC-3D31-41D9-B9B9-9E9D1E9140BA}"
EndProject
Global
	GlobalSection(SolutionConfigurationPlatforms) = preSolution
		Debug|x64 = Debug|x64
		Debug|x86 = Debug|x86
		Release|x64 = Release|x64
		Release|x86 = Release|x86
	EndGlobalSection
	GlobalSection(ProjectConfigurationPlatforms) = postSolution
		{281777DC-3D31-41D9-B9B9-9E9D1E9140BA}.Debug|x64.ActiveCfg = Debug|x64
		{281777DC-3D31-41D9-B9B9-9E9D1E9140BA}.Debug|x64.Build.0 = Debug|x64
		{281777DC-3D31-41D9-B9B9-9E9D1E9140BA}.Debug|x86.ActiveCfg = Debug|Win32
		{281777DC-3D31-41D9-B9B9-9E9D1E9140BA}.Debug|x86.Build.0 = Debug|Win32
		{281777DC-3D31-41D9-B9B9-9E9D1E9140BA}.Release|x64.ActiveCfg = Release|x64
		{281777DC-3D31-41D9-B9B9-9E9D1E9140BA}.Release|x64.Build.0 = Release|x64
		{281777DC-3D31-41D9-B9B9-9E9D1E9140BA}.Release|x86.ActiveCfg = Release|Win32
		{281777DC-3D31-41D9-B9B9-9E9D1E9140BA}.Release|x86.Build.0 = Release|Win32
	EndGlobalSection
	GlobalSection(SolutionProperties) = preSolution
		HideSolutionNode = FALSE
	EndGlobalSection
	GlobalSection(ExtensibilityGlobals) = postSolution
		SolutionGuid = {E902BF6B-9B82-471B-8B19-3F96625BB9C5}
	EndGlobalSection
EndGlobal
